
Microsoft Visual Studio Solution File, Format Version 12.00
# Visual Studio Version 17
VisualStudioVersion = 17.9.34622.214
MinimumVisualStudioVersion = 10.0.40219.1
Project("{FAE04EC0-301F-11D3-BF4B-00C04F79EFBC}") = "FastRide-Server", "FastRide-Server.csproj", "{2CE5C966-D427-42D8-B1FA-545DB4BC4574}"
EndProject
Global
	GlobalSection(SolutionConfigurationPlatforms) = preSolution
		Debug|Any CPU = Debug|Any CPU
		Release|Any CPU = Release|Any CPU
	EndGlobalSection
	GlobalSection(ProjectConfigurationPlatforms) = postSolution
		{2CE5C966-D427-42D8-B1FA-545DB4BC4574}.Debug|Any CPU.ActiveCfg = Debug|Any CPU
		{2CE5C966-D427-42D8-B1FA-545DB4BC4574}.Debug|Any CPU.Build.0 = Debug|Any CPU
		{2CE5C966-D427-42D8-B1FA-545DB4BC4574}.Release|Any CPU.ActiveCfg = Release|Any CPU
		{2CE5C966-D427-42D8-B1FA-545DB4BC4574}.Release|Any CPU.Build.0 = Release|Any CPU
	EndGlobalSection
	GlobalSection(SolutionProperties) = preSolution
		HideSolutionNode = FALSE
	EndGlobalSection
	GlobalSection(ExtensibilityGlobals) = postSolution
		SolutionGuid = {F9E0FFA6-216A-4D32-BF9D-17F6AC47C391}
	EndGlobalSection
EndGlobal
