
Microsoft Visual Studio Solution File, Format Version 12.00
# Visual Studio Version 17
VisualStudioVersion = 17.9.34622.214
MinimumVisualStudioVersion = 10.0.40219.1
Project("{FAE04EC0-301F-11D3-BF4B-00C04F79EFBC}") = "FastRide.Client", "src\FastRide.Client\FastRide.Client.csproj", "{442C63CF-9716-4001-AB8D-750FBA066F4B}"
EndProject
Project("{FAE04EC0-301F-11D3-BF4B-00C04F79EFBC}") = "FastRide.Server.Sdk", "..\FastRide.Server\src\FastRide.Server.Sdk\FastRide.Server.Sdk.csproj", "{CF7D662E-7BA7-44C0-B736-A042ECD6B3BA}"
EndProject
Project("{FAE04EC0-301F-11D3-BF4B-00C04F79EFBC}") = "FastRide.Server.Contracts", "..\FastRide.Server\src\FastRide.Server.Contracts\FastRide.Server.Contracts.csproj", "{FAD567B4-9703-44FF-8433-0120D97E16D5}"
EndProject
Global
	GlobalSection(SolutionConfigurationPlatforms) = preSolution
		Debug|Any CPU = Debug|Any CPU
		Release|Any CPU = Release|Any CPU
	EndGlobalSection
	GlobalSection(ProjectConfigurationPlatforms) = postSolution
		{442C63CF-9716-4001-AB8D-750FBA066F4B}.Debug|Any CPU.ActiveCfg = Debug|Any CPU
		{442C63CF-9716-4001-AB8D-750FBA066F4B}.Debug|Any CPU.Build.0 = Debug|Any CPU
		{442C63CF-9716-4001-AB8D-750FBA066F4B}.Release|Any CPU.ActiveCfg = Release|Any CPU
		{442C63CF-9716-4001-AB8D-750FBA066F4B}.Release|Any CPU.Build.0 = Release|Any CPU
		{CF7D662E-7BA7-44C0-B736-A042ECD6B3BA}.Debug|Any CPU.ActiveCfg = Debug|Any CPU
		{CF7D662E-7BA7-44C0-B736-A042ECD6B3BA}.Debug|Any CPU.Build.0 = Debug|Any CPU
		{CF7D662E-7BA7-44C0-B736-A042ECD6B3BA}.Release|Any CPU.ActiveCfg = Release|Any CPU
		{CF7D662E-7BA7-44C0-B736-A042ECD6B3BA}.Release|Any CPU.Build.0 = Release|Any CPU
		{FAD567B4-9703-44FF-8433-0120D97E16D5}.Debug|Any CPU.ActiveCfg = Debug|Any CPU
		{FAD567B4-9703-44FF-8433-0120D97E16D5}.Debug|Any CPU.Build.0 = Debug|Any CPU
		{FAD567B4-9703-44FF-8433-0120D97E16D5}.Release|Any CPU.ActiveCfg = Release|Any CPU
		{FAD567B4-9703-44FF-8433-0120D97E16D5}.Release|Any CPU.Build.0 = Release|Any CPU
	EndGlobalSection
	GlobalSection(SolutionProperties) = preSolution
		HideSolutionNode = FALSE
	EndGlobalSection
	GlobalSection(ExtensibilityGlobals) = postSolution
		SolutionGuid = {7DAF9473-BB5D-4F1C-9CA3-47C25620993E}
	EndGlobalSection
EndGlobal
